
Microsoft Visual Studio Solution File, Format Version 12.00
# Visual Studio Version 17
VisualStudioVersion = 17.6.33829.357
MinimumVisualStudioVersion = 10.0.40219.1
Project("{FAE04EC0-301F-11D3-BF4B-00C04F79EFBC}") = "WebApplication1", "WebApplication1\WebApplication1.csproj", "{3787B559-4633-4DF5-9973-C1D69DD8802B}"
EndProject
Global
	GlobalSection(SolutionConfigurationPlatforms) = preSolution
		Debug|Any CPU = Debug|Any CPU
		Release|Any CPU = Release|Any CPU
	EndGlobalSection
	GlobalSection(ProjectConfigurationPlatforms) = postSolution
		{3787B559-4633-4DF5-9973-C1D69DD8802B}.Debug|Any CPU.ActiveCfg = Debug|Any CPU
		{3787B559-4633-4DF5-9973-C1D69DD8802B}.Debug|Any CPU.Build.0 = Debug|Any CPU
		{3787B559-4633-4DF5-9973-C1D69DD8802B}.Release|Any CPU.ActiveCfg = Release|Any CPU
		{3787B559-4633-4DF5-9973-C1D69DD8802B}.Release|Any CPU.Build.0 = Release|Any CPU
	EndGlobalSection
	GlobalSection(SolutionProperties) = preSolution
		HideSolutionNode = FALSE
	EndGlobalSection
	GlobalSection(ExtensibilityGlobals) = postSolution
		SolutionGuid = {0A5E389C-A7B0-4E1E-9F59-8049956BC566}
	EndGlobalSection
EndGlobal
